
Microsoft Visual Studio Solution File, Format Version 12.00
# Visual Studio Version 17
VisualStudioVersion = 17.11.35327.3
MinimumVisualStudioVersion = 10.0.40219.1
Project("{FAE04EC0-301F-11D3-BF4B-00C04F79EFBC}") = "Library_Management_System_lab4", "Library_Management_System_lab4\Library_Management_System_lab4.csproj", "{5C06837D-8A0A-4B79-AB00-234B235A8CC4}"
EndProject
Global
	GlobalSection(SolutionConfigurationPlatforms) = preSolution
		Debug|Any CPU = Debug|Any CPU
		Release|Any CPU = Release|Any CPU
	EndGlobalSection
	GlobalSection(ProjectConfigurationPlatforms) = postSolution
		{5C06837D-8A0A-4B79-AB00-234B235A8CC4}.Debug|Any CPU.ActiveCfg = Debug|Any CPU
		{5C06837D-8A0A-4B79-AB00-234B235A8CC4}.Debug|Any CPU.Build.0 = Debug|Any CPU
		{5C06837D-8A0A-4B79-AB00-234B235A8CC4}.Release|Any CPU.ActiveCfg = Release|Any CPU
		{5C06837D-8A0A-4B79-AB00-234B235A8CC4}.Release|Any CPU.Build.0 = Release|Any CPU
	EndGlobalSection
	GlobalSection(SolutionProperties) = preSolution
		HideSolutionNode = FALSE
	EndGlobalSection
	GlobalSection(ExtensibilityGlobals) = postSolution
		SolutionGuid = {A8C6A76A-2BA7-421F-8E03-2B624638ADD1}
	EndGlobalSection
EndGlobal
