
Microsoft Visual Studio Solution File, Format Version 12.00
# Visual Studio Version 17
VisualStudioVersion = 17.11.35327.3
MinimumVisualStudioVersion = 10.0.40219.1
Project("{FAE04EC0-301F-11D3-BF4B-00C04F79EFBC}") = "CSE422_HoaiNam_Lab5", "CSE422_HoaiNam_Lab5\CSE422_HoaiNam_Lab5.csproj", "{CD1969F5-6278-41FB-9866-3D0C0254818E}"
EndProject
Global
	GlobalSection(SolutionConfigurationPlatforms) = preSolution
		Debug|Any CPU = Debug|Any CPU
		Release|Any CPU = Release|Any CPU
	EndGlobalSection
	GlobalSection(ProjectConfigurationPlatforms) = postSolution
		{CD1969F5-6278-41FB-9866-3D0C0254818E}.Debug|Any CPU.ActiveCfg = Debug|Any CPU
		{CD1969F5-6278-41FB-9866-3D0C0254818E}.Debug|Any CPU.Build.0 = Debug|Any CPU
		{CD1969F5-6278-41FB-9866-3D0C0254818E}.Release|Any CPU.ActiveCfg = Release|Any CPU
		{CD1969F5-6278-41FB-9866-3D0C0254818E}.Release|Any CPU.Build.0 = Release|Any CPU
	EndGlobalSection
	GlobalSection(SolutionProperties) = preSolution
		HideSolutionNode = FALSE
	EndGlobalSection
	GlobalSection(ExtensibilityGlobals) = postSolution
		SolutionGuid = {AAAF3C0C-DA0E-4E25-8645-CFE0B14F9AA6}
	EndGlobalSection
EndGlobal
